
Microsoft Visual Studio Solution File, Format Version 12.00
# Visual Studio Version 17
VisualStudioVersion = 17.4.33213.308
MinimumVisualStudioVersion = 10.0.40219.1
Project("{FAE04EC0-301F-11D3-BF4B-00C04F79EFBC}") = "CustomizeBackgroundColor", "CustomizeBackgroundColor.csproj", "{46CD52AA-FEBA-4C26-82BA-D3DD74737E9B}"
EndProject
Global
	GlobalSection(SolutionConfigurationPlatforms) = preSolution
		Debug|Any CPU = Debug|Any CPU
		Release|Any CPU = Release|Any CPU
	EndGlobalSection
	GlobalSection(ProjectConfigurationPlatforms) = postSolution
		{46CD52AA-FEBA-4C26-82BA-D3DD74737E9B}.Debug|Any CPU.ActiveCfg = Debug|Any CPU
		{46CD52AA-FEBA-4C26-82BA-D3DD74737E9B}.Debug|Any CPU.Build.0 = Debug|Any CPU
		{46CD52AA-FEBA-4C26-82BA-D3DD74737E9B}.Release|Any CPU.ActiveCfg = Release|Any CPU
		{46CD52AA-FEBA-4C26-82BA-D3DD74737E9B}.Release|Any CPU.Build.0 = Release|Any CPU
	EndGlobalSection
	GlobalSection(SolutionProperties) = preSolution
		HideSolutionNode = FALSE
	EndGlobalSection
	GlobalSection(ExtensibilityGlobals) = postSolution
		SolutionGuid = {B5200532-A8E4-457A-955E-0E12A80DDC18}
	EndGlobalSection
EndGlobal
